// !$*UTF8*$!
{
	archiveVersion = 1;
	classes = {
	};
	objectVersion = 51;
	objects = {

/* Begin PBXBuildFile section */
		041809E229199EC300282E7B /* GoogleService-Info.plist in Resources */ = {isa = PBXBuildFile; fileRef = 041809E129199EC300282E7B /* GoogleService-Info.plist */; };
		0418FF202919AF50002AE791 /* ElegirUsuarioViewController.swift in Sources */ = {isa = PBXBuildFile; fileRef = 0418FF1F2919AF50002AE791 /* ElegirUsuarioViewController.swift */; };
		0418FF242919B3C4002AE791 /* Usuarios.swift in Sources */ = {isa = PBXBuildFile; fileRef = 0418FF232919B3C4002AE791 /* Usuarios.swift */; };
		04452420291045A300ABBE22 /* AppDelegate.swift in Sources */ = {isa = PBXBuildFile; fileRef = 0445241F291045A300ABBE22 /* AppDelegate.swift */; };
		04452422291045A300ABBE22 /* SceneDelegate.swift in Sources */ = {isa = PBXBuildFile; fileRef = 04452421291045A300ABBE22 /* SceneDelegate.swift */; };
		04452424291045A300ABBE22 /* iniciarSesionViewController.swift in Sources */ = {isa = PBXBuildFile; fileRef = 04452423291045A300ABBE22 /* iniciarSesionViewController.swift */; };
		04452427291045A300ABBE22 /* Main.storyboard in Resources */ = {isa = PBXBuildFile; fileRef = 04452425291045A300ABBE22 /* Main.storyboard */; };
		04452429291045A500ABBE22 /* Assets.xcassets in Resources */ = {isa = PBXBuildFile; fileRef = 04452428291045A500ABBE22 /* Assets.xcassets */; };
		0445242C291045A500ABBE22 /* LaunchScreen.storyboard in Resources */ = {isa = PBXBuildFile; fileRef = 0445242A291045A500ABBE22 /* LaunchScreen.storyboard */; };
		04D858972919893200FF4165 /* SnapsViewController.swift in Sources */ = {isa = PBXBuildFile; fileRef = 04D858962919893200FF4165 /* SnapsViewController.swift */; };
		04D8589929198E2D00FF4165 /* ImagenViewController.swift in Sources */ = {isa = PBXBuildFile; fileRef = 04D8589829198E2D00FF4165 /* ImagenViewController.swift */; };
		361960295A3F3A71DA5D07F5 /* Pods_EscobedoSnapchat.framework in Frameworks */ = {isa = PBXBuildFile; fileRef = 7C8085944D89828558EDD31A /* Pods_EscobedoSnapchat.framework */; };
/* End PBXBuildFile section */

/* Begin PBXFileReference section */
		041809E129199EC300282E7B /* GoogleService-Info.plist */ = {isa = PBXFileReference; fileEncoding = 4; lastKnownFileType = text.plist.xml; path = "GoogleService-Info.plist"; sourceTree = "<group>"; };
		0418FF1F2919AF50002AE791 /* ElegirUsuarioViewController.swift */ = {isa = PBXFileReference; lastKnownFileType = sourcecode.swift; path = ElegirUsuarioViewController.swift; sourceTree = "<group>"; };
		0418FF232919B3C4002AE791 /* Usuarios.swift */ = {isa = PBXFileReference; lastKnownFileType = sourcecode.swift; path = Usuarios.swift; sourceTree = "<group>"; };
		0445241C291045A300ABBE22 /* EscobedoSnapchat.app */ = {isa = PBXFileReference; explicitFileType = wrapper.application; includeInIndex = 0; path = EscobedoSnapchat.app; sourceTree = BUILT_PRODUCTS_DIR; };
		0445241F291045A300ABBE22 /* AppDelegate.swift */ = {isa = PBXFileReference; lastKnownFileType = sourcecode.swift; path = AppDelegate.swift; sourceTree = "<group>"; };
		04452421291045A300ABBE22 /* SceneDelegate.swift */ = {isa = PBXFileReference; lastKnownFileType = sourcecode.swift; path = SceneDelegate.swift; sourceTree = "<group>"; };
		04452423291045A300ABBE22 /* iniciarSesionViewController.swift */ = {isa = PBXFileReference; lastKnownFileType = sourcecode.swift; path = iniciarSesionViewController.swift; sourceTree = "<group>"; };
		04452426291045A300ABBE22 /* Base */ = {isa = PBXFileReference; lastKnownFileType = file.storyboard; name = Base; path = Base.lproj/Main.storyboard; sourceTree = "<group>"; };
		04452428291045A500ABBE22 /* Assets.xcassets */ = {isa = PBXFileReference; lastKnownFileType = folder.assetcatalog; path = Assets.xcassets; sourceTree = "<group>"; };
		0445242B291045A500ABBE22 /* Base */ = {isa = PBXFileReference; lastKnownFileType = file.storyboard; name = Base; path = Base.lproj/LaunchScreen.storyboard; sourceTree = "<group>"; };
		0445242D291045A500ABBE22 /* Info.plist */ = {isa = PBXFileReference; lastKnownFileType = text.plist.xml; path = Info.plist; sourceTree = "<group>"; };
		04D858952919876D00FF4165 /* EscobedoSnapchat.entitlements */ = {isa = PBXFileReference; lastKnownFileType = text.plist.entitlements; path = EscobedoSnapchat.entitlements; sourceTree = "<group>"; };
		04D858962919893200FF4165 /* SnapsViewController.swift */ = {isa = PBXFileReference; lastKnownFileType = sourcecode.swift; path = SnapsViewController.swift; sourceTree = "<group>"; };
		04D8589829198E2D00FF4165 /* ImagenViewController.swift */ = {isa = PBXFileReference; lastKnownFileType = sourcecode.swift; path = ImagenViewController.swift; sourceTree = "<group>"; };
		7C8085944D89828558EDD31A /* Pods_EscobedoSnapchat.framework */ = {isa = PBXFileReference; explicitFileType = wrapper.framework; includeInIndex = 0; path = Pods_EscobedoSnapchat.framework; sourceTree = BUILT_PRODUCTS_DIR; };
		7D1A1CCD2EB826FF67743026 /* Pods-EscobedoSnapchat.release.xcconfig */ = {isa = PBXFileReference; includeInIndex = 1; lastKnownFileType = text.xcconfig; name = "Pods-EscobedoSnapchat.release.xcconfig"; path = "Target Support Files/Pods-EscobedoSnapchat/Pods-EscobedoSnapchat.release.xcconfig"; sourceTree = "<group>"; };
		DAA1B563C44FED1C45369EFA /* Pods-EscobedoSnapchat.debug.xcconfig */ = {isa = PBXFileReference; includeInIndex = 1; lastKnownFileType = text.xcconfig; name = "Pods-EscobedoSnapchat.debug.xcconfig"; path = "Target Support Files/Pods-EscobedoSnapchat/Pods-EscobedoSnapchat.debug.xcconfig"; sourceTree = "<group>"; };
/* End PBXFileReference section */

/* Begin PBXFrameworksBuildPhase section */
		04452419291045A300ABBE22 /* Frameworks */ = {
			isa = PBXFrameworksBuildPhase;
			buildActionMask = 2147483647;
			files = (
				361960295A3F3A71DA5D07F5 /* Pods_EscobedoSnapchat.framework in Frameworks */,
			);
			runOnlyForDeploymentPostprocessing = 0;
		};
/* End PBXFrameworksBuildPhase section */

/* Begin PBXGroup section */
		0418FF212919B2B0002AE791 /* ViewControllers */ = {
			isa = PBXGroup;
			children = (
				04D8589829198E2D00FF4165 /* ImagenViewController.swift */,
				04452423291045A300ABBE22 /* iniciarSesionViewController.swift */,
				0418FF1F2919AF50002AE791 /* ElegirUsuarioViewController.swift */,
				04D858962919893200FF4165 /* SnapsViewController.swift */,
			);
			path = ViewControllers;
			sourceTree = "<group>";
		};
		0418FF222919B3AB002AE791 /* Modelos */ = {
			isa = PBXGroup;
			children = (
				0418FF232919B3C4002AE791 /* Usuarios.swift */,
			);
			path = Modelos;
			sourceTree = "<group>";
		};
		04452413291045A300ABBE22 = {
			isa = PBXGroup;
			children = (
				0445241E291045A300ABBE22 /* EscobedoSnapchat */,
				0445241D291045A300ABBE22 /* Products */,
				8CA464068CEE1977AF384A69 /* Pods */,
				BA9725530ADFF9549FA77E15 /* Frameworks */,
			);
			sourceTree = "<group>";
		};
		0445241D291045A300ABBE22 /* Products */ = {
			isa = PBXGroup;
			children = (
				0445241C291045A300ABBE22 /* EscobedoSnapchat.app */,
			);
			name = Products;
			sourceTree = "<group>";
		};
		0445241E291045A300ABBE22 /* EscobedoSnapchat */ = {
			isa = PBXGroup;
			children = (
				0418FF222919B3AB002AE791 /* Modelos */,
				0418FF212919B2B0002AE791 /* ViewControllers */,
				041809E129199EC300282E7B /* GoogleService-Info.plist */,
				04D858952919876D00FF4165 /* EscobedoSnapchat.entitlements */,
				0445241F291045A300ABBE22 /* AppDelegate.swift */,
				04452421291045A300ABBE22 /* SceneDelegate.swift */,
				04452425291045A300ABBE22 /* Main.storyboard */,
				04452428291045A500ABBE22 /* Assets.xcassets */,
				0445242A291045A500ABBE22 /* LaunchScreen.storyboard */,
				0445242D291045A500ABBE22 /* Info.plist */,
			);
			path = EscobedoSnapchat;
			sourceTree = "<group>";
		};
		8CA464068CEE1977AF384A69 /* Pods */ = {
			isa = PBXGroup;
			children = (
				DAA1B563C44FED1C45369EFA /* Pods-EscobedoSnapchat.debug.xcconfig */,
				7D1A1CCD2EB826FF67743026 /* Pods-EscobedoSnapchat.release.xcconfig */,
			);
			path = Pods;
			sourceTree = "<group>";
		};
		BA9725530ADFF9549FA77E15 /* Frameworks */ = {
			isa = PBXGroup;
			children = (
				7C8085944D89828558EDD31A /* Pods_EscobedoSnapchat.framework */,
			);
			name = Frameworks;
			sourceTree = "<group>";
		};
/* End PBXGroup section */

/* Begin PBXNativeTarget section */
		0445241B291045A300ABBE22 /* EscobedoSnapchat */ = {
			isa = PBXNativeTarget;
			buildConfigurationList = 04452430291045A500ABBE22 /* Build configuration list for PBXNativeTarget "EscobedoSnapchat" */;
			buildPhases = (
				82B7855E3EE6D16A20916F25 /* [CP] Check Pods Manifest.lock */,
				04452418291045A300ABBE22 /* Sources */,
				04452419291045A300ABBE22 /* Frameworks */,
				0445241A291045A300ABBE22 /* Resources */,
				173E719DE94D746765D4DD20 /* [CP] Embed Pods Frameworks */,
			);
			buildRules = (
			);
			dependencies = (
			);
			name = EscobedoSnapchat;
			productName = EscobedoSnapchat;
			productReference = 0445241C291045A300ABBE22 /* EscobedoSnapchat.app */;
			productType = "com.apple.product-type.application";
		};
/* End PBXNativeTarget section */

/* Begin PBXProject section */
		04452414291045A300ABBE22 /* Project object */ = {
			isa = PBXProject;
			attributes = {
				LastSwiftUpdateCheck = 1130;
				LastUpgradeCheck = 1130;
				ORGANIZATIONNAME = Diego;
				TargetAttributes = {
					0445241B291045A300ABBE22 = {
						CreatedOnToolsVersion = 11.3.1;
					};
				};
			};
			buildConfigurationList = 04452417291045A300ABBE22 /* Build configuration list for PBXProject "EscobedoSnapchat" */;
			compatibilityVersion = "Xcode 9.3";
			developmentRegion = en;
			hasScannedForEncodings = 0;
			knownRegions = (
				en,
				Base,
			);
			mainGroup = 04452413291045A300ABBE22;
			productRefGroup = 0445241D291045A300ABBE22 /* Products */;
			projectDirPath = "";
			projectRoot = "";
			targets = (
				0445241B291045A300ABBE22 /* EscobedoSnapchat */,
			);
		};
/* End PBXProject section */

/* Begin PBXResourcesBuildPhase section */
		0445241A291045A300ABBE22 /* Resources */ = {
			isa = PBXResourcesBuildPhase;
			buildActionMask = 2147483647;
			files = (
				0445242C291045A500ABBE22 /* LaunchScreen.storyboard in Resources */,
				041809E229199EC300282E7B /* GoogleService-Info.plist in Resources */,
				04452429291045A500ABBE22 /* Assets.xcassets in Resources */,
				04452427291045A300ABBE22 /* Main.storyboard in Resources */,
			);
			runOnlyForDeploymentPostprocessing = 0;
		};
/* End PBXResourcesBuildPhase section */

/* Begin PBXShellScriptBuildPhase section */
		173E719DE94D746765D4DD20 /* [CP] Embed Pods Frameworks */ = {
			isa = PBXShellScriptBuildPhase;
			buildActionMask = 2147483647;
			files = (
			);
			inputFileListPaths = (
				"${PODS_ROOT}/Target Support Files/Pods-EscobedoSnapchat/Pods-EscobedoSnapchat-frameworks-${CONFIGURATION}-input-files.xcfilelist",
			);
			name = "[CP] Embed Pods Frameworks";
			outputFileListPaths = (
				"${PODS_ROOT}/Target Support Files/Pods-EscobedoSnapchat/Pods-EscobedoSnapchat-frameworks-${CONFIGURATION}-output-files.xcfilelist",
			);
			runOnlyForDeploymentPostprocessing = 0;
			shellPath = /bin/sh;
			shellScript = "\"${PODS_ROOT}/Target Support Files/Pods-EscobedoSnapchat/Pods-EscobedoSnapchat-frameworks.sh\"\n";
			showEnvVarsInLog = 0;
		};
		82B7855E3EE6D16A20916F25 /* [CP] Check Pods Manifest.lock */ = {
			isa = PBXShellScriptBuildPhase;
			buildActionMask = 2147483647;
			files = (
			);
			inputFileListPaths = (
			);
			inputPaths = (
				"${PODS_PODFILE_DIR_PATH}/Podfile.lock",
				"${PODS_ROOT}/Manifest.lock",
			);
			name = "[CP] Check Pods Manifest.lock";
			outputFileListPaths = (
			);
			outputPaths = (
				"$(DERIVED_FILE_DIR)/Pods-EscobedoSnapchat-checkManifestLockResult.txt",
			);
			runOnlyForDeploymentPostprocessing = 0;
			shellPath = /bin/sh;
			shellScript = "diff \"${PODS_PODFILE_DIR_PATH}/Podfile.lock\" \"${PODS_ROOT}/Manifest.lock\" > /dev/null\nif [ $? != 0 ] ; then\n    # print error to STDERR\n    echo \"error: The sandbox is not in sync with the Podfile.lock. Run 'pod install' or update your CocoaPods installation.\" >&2\n    exit 1\nfi\n# This output is used by Xcode 'outputs' to avoid re-running this script phase.\necho \"SUCCESS\" > \"${SCRIPT_OUTPUT_FILE_0}\"\n";
			showEnvVarsInLog = 0;
		};
/* End PBXShellScriptBuildPhase section */

/* Begin PBXSourcesBuildPhase section */
		04452418291045A300ABBE22 /* Sources */ = {
			isa = PBXSourcesBuildPhase;
			buildActionMask = 2147483647;
			files = (
				04D858972919893200FF4165 /* SnapsViewController.swift in Sources */,
				0418FF242919B3C4002AE791 /* Usuarios.swift in Sources */,
				04D8589929198E2D00FF4165 /* ImagenViewController.swift in Sources */,
				04452424291045A300ABBE22 /* iniciarSesionViewController.swift in Sources */,
				04452420291045A300ABBE22 /* AppDelegate.swift in Sources */,
				04452422291045A300ABBE22 /* SceneDelegate.swift in Sources */,
				0418FF202919AF50002AE791 /* ElegirUsuarioViewController.swift in Sources */,
			);
			runOnlyForDeploymentPostprocessing = 0;
		};
/* End PBXSourcesBuildPhase section */

/* Begin PBXVariantGroup section */
		04452425291045A300ABBE22 /* Main.storyboard */ = {
			isa = PBXVariantGroup;
			children = (
				04452426291045A300ABBE22 /* Base */,
			);
			name = Main.storyboard;
			sourceTree = "<group>";
		};
		0445242A291045A500ABBE22 /* LaunchScreen.storyboard */ = {
			isa = PBXVariantGroup;
			children = (
				0445242B291045A500ABBE22 /* Base */,
			);
			name = LaunchScreen.storyboard;
			sourceTree = "<group>";
		};
/* End PBXVariantGroup section */

/* Begin XCBuildConfiguration section */
		0445242E291045A500ABBE22 /* Debug */ = {
			isa = XCBuildConfiguration;
			buildSettings = {
				ALWAYS_SEARCH_USER_PATHS = NO;
				CLANG_ANALYZER_NONNULL = YES;
				CLANG_ANALYZER_NUMBER_OBJECT_CONVERSION = YES_AGGRESSIVE;
				CLANG_CXX_LANGUAGE_STANDARD = "gnu++14";
				CLANG_CXX_LIBRARY = "libc++";
				CLANG_ENABLE_MODULES = YES;
				CLANG_ENABLE_OBJC_ARC = YES;
				CLANG_ENABLE_OBJC_WEAK = YES;
				CLANG_WARN_BLOCK_CAPTURE_AUTORELEASING = YES;
				CLANG_WARN_BOOL_CONVERSION = YES;
				CLANG_WARN_COMMA = YES;
				CLANG_WARN_CONSTANT_CONVERSION = YES;
				CLANG_WARN_DEPRECATED_OBJC_IMPLEMENTATIONS = YES;
				CLANG_WARN_DIRECT_OBJC_ISA_USAGE = YES_ERROR;
				CLANG_WARN_DOCUMENTATION_COMMENTS = YES;
				CLANG_WARN_EMPTY_BODY = YES;
				CLANG_WARN_ENUM_CONVERSION = YES;
				CLANG_WARN_INFINITE_RECURSION = YES;
				CLANG_WARN_INT_CONVERSION = YES;
				CLANG_WARN_NON_LITERAL_NULL_CONVERSION = YES;
				CLANG_WARN_OBJC_IMPLICIT_RETAIN_SELF = YES;
				CLANG_WARN_OBJC_LITERAL_CONVERSION = YES;
				CLANG_WARN_OBJC_ROOT_CLASS = YES_ERROR;
				CLANG_WARN_RANGE_LOOP_ANALYSIS = YES;
				CLANG_WARN_STRICT_PROTOTYPES = YES;
				CLANG_WARN_SUSPICIOUS_MOVE = YES;
				CLANG_WARN_UNGUARDED_AVAILABILITY = YES_AGGRESSIVE;
				CLANG_WARN_UNREACHABLE_CODE = YES;
				CLANG_WARN__DUPLICATE_METHOD_MATCH = YES;
				COPY_PHASE_STRIP = NO;
				DEBUG_INFORMATION_FORMAT = dwarf;
				ENABLE_STRICT_OBJC_MSGSEND = YES;
				ENABLE_TESTABILITY = YES;
				GCC_C_LANGUAGE_STANDARD = gnu11;
				GCC_DYNAMIC_NO_PIC = NO;
				GCC_NO_COMMON_BLOCKS = YES;
				GCC_OPTIMIZATION_LEVEL = 0;
				GCC_PREPROCESSOR_DEFINITIONS = (
					"DEBUG=1",
					"$(inherited)",
				);
				GCC_WARN_64_TO_32_BIT_CONVERSION = YES;
				GCC_WARN_ABOUT_RETURN_TYPE = YES_ERROR;
				GCC_WARN_UNDECLARED_SELECTOR = YES;
				GCC_WARN_UNINITIALIZED_AUTOS = YES_AGGRESSIVE;
				GCC_WARN_UNUSED_FUNCTION = YES;
				GCC_WARN_UNUSED_VARIABLE = YES;
				IPHONEOS_DEPLOYMENT_TARGET = 13.2;
				MTL_ENABLE_DEBUG_INFO = INCLUDE_SOURCE;
				MTL_FAST_MATH = YES;
				ONLY_ACTIVE_ARCH = YES;
				SDKROOT = iphoneos;
				SWIFT_ACTIVE_COMPILATION_CONDITIONS = DEBUG;
				SWIFT_OPTIMIZATION_LEVEL = "-Onone";
			};
			name = Debug;
		};
		0445242F291045A500ABBE22 /* Release */ = {
			isa = XCBuildConfiguration;
			buildSettings = {
				ALWAYS_SEARCH_USER_PATHS = NO;
				CLANG_ANALYZER_NONNULL = YES;
				CLANG_ANALYZER_NUMBER_OBJECT_CONVERSION = YES_AGGRESSIVE;
				CLANG_CXX_LANGUAGE_STANDARD = "gnu++14";
				CLANG_CXX_LIBRARY = "libc++";
				CLANG_ENABLE_MODULES = YES;
				CLANG_ENABLE_OBJC_ARC = YES;
				CLANG_ENABLE_OBJC_WEAK = YES;
				CLANG_WARN_BLOCK_CAPTURE_AUTORELEASING = YES;
				CLANG_WARN_BOOL_CONVERSION = YES;
				CLANG_WARN_COMMA = YES;
				CLANG_WARN_CONSTANT_CONVERSION = YES;
				CLANG_WARN_DEPRECATED_OBJC_IMPLEMENTATIONS = YES;
				CLANG_WARN_DIRECT_OBJC_ISA_USAGE = YES_ERROR;
				CLANG_WARN_DOCUMENTATION_COMMENTS = YES;
				CLANG_WARN_EMPTY_BODY = YES;
				CLANG_WARN_ENUM_CONVERSION = YES;
				CLANG_WARN_INFINITE_RECURSION = YES;
				CLANG_WARN_INT_CONVERSION = YES;
				CLANG_WARN_NON_LITERAL_NULL_CONVERSION = YES;
				CLANG_WARN_OBJC_IMPLICIT_RETAIN_SELF = YES;
				CLANG_WARN_OBJC_LITERAL_CONVERSION = YES;
				CLANG_WARN_OBJC_ROOT_CLASS = YES_ERROR;
				CLANG_WARN_RANGE_LOOP_ANALYSIS = YES;
				CLANG_WARN_STRICT_PROTOTYPES = YES;
				CLANG_WARN_SUSPICIOUS_MOVE = YES;
				CLANG_WARN_UNGUARDED_AVAILABILITY = YES_AGGRESSIVE;
				CLANG_WARN_UNREACHABLE_CODE = YES;
				CLANG_WARN__DUPLICATE_METHOD_MATCH = YES;
				COPY_PHASE_STRIP = NO;
				DEBUG_INFORMATION_FORMAT = "dwarf-with-dsym";
				ENABLE_NS_ASSERTIONS = NO;
				ENABLE_STRICT_OBJC_MSGSEND = YES;
				GCC_C_LANGUAGE_STANDARD = gnu11;
				GCC_NO_COMMON_BLOCKS = YES;
				GCC_WARN_64_TO_32_BIT_CONVERSION = YES;
				GCC_WARN_ABOUT_RETURN_TYPE = YES_ERROR;
				GCC_WARN_UNDECLARED_SELECTOR = YES;
				GCC_WARN_UNINITIALIZED_AUTOS = YES_AGGRESSIVE;
				GCC_WARN_UNUSED_FUNCTION = YES;
				GCC_WARN_UNUSED_VARIABLE = YES;
				IPHONEOS_DEPLOYMENT_TARGET = 13.2;
				MTL_ENABLE_DEBUG_INFO = NO;
				MTL_FAST_MATH = YES;
				SDKROOT = iphoneos;
				SWIFT_COMPILATION_MODE = wholemodule;
				SWIFT_OPTIMIZATION_LEVEL = "-O";
				VALIDATE_PRODUCT = YES;
			};
			name = Release;
		};
		04452431291045A500ABBE22 /* Debug */ = {
			isa = XCBuildConfiguration;
			baseConfigurationReference = DAA1B563C44FED1C45369EFA /* Pods-EscobedoSnapchat.debug.xcconfig */;
			buildSettings = {
				ASSETCATALOG_COMPILER_APPICON_NAME = AppIcon;
				CODE_SIGN_ENTITLEMENTS = EscobedoSnapchat/EscobedoSnapchat.entitlements;
				CODE_SIGN_STYLE = Automatic;
				INFOPLIST_FILE = EscobedoSnapchat/Info.plist;
				IPHONEOS_DEPLOYMENT_TARGET = 13.0;
				LD_RUNPATH_SEARCH_PATHS = (
					"$(inherited)",
					"@executable_path/Frameworks",
				);
				PRODUCT_BUNDLE_IDENTIFIER = com.miempresa.EscobedoSnapchat;
				PRODUCT_NAME = "$(TARGET_NAME)";
				SWIFT_VERSION = 5.0;
				TARGETED_DEVICE_FAMILY = "1,2";
			};
			name = Debug;
		};
		04452432291045A500ABBE22 /* Release */ = {
			isa = XCBuildConfiguration;
			baseConfigurationReference = 7D1A1CCD2EB826FF67743026 /* Pods-EscobedoSnapchat.release.xcconfig */;
			buildSettings = {
				ASSETCATALOG_COMPILER_APPICON_NAME = AppIcon;
				CODE_SIGN_ENTITLEMENTS = EscobedoSnapchat/EscobedoSnapchat.entitlements;
				CODE_SIGN_STYLE = Automatic;
				INFOPLIST_FILE = EscobedoSnapchat/Info.plist;
				IPHONEOS_DEPLOYMENT_TARGET = 13.0;
				LD_RUNPATH_SEARCH_PATHS = (
					"$(inherited)",
					"@executable_path/Frameworks",
				);
				PRODUCT_BUNDLE_IDENTIFIER = com.miempresa.EscobedoSnapchat;
				PRODUCT_NAME = "$(TARGET_NAME)";
				SWIFT_VERSION = 5.0;
				TARGETED_DEVICE_FAMILY = "1,2";
			};
			name = Release;
		};
/* End XCBuildConfiguration section */

/* Begin XCConfigurationList section */
		04452417291045A300ABBE22 /* Build configuration list for PBXProject "EscobedoSnapchat" */ = {
			isa = XCConfigurationList;
			buildConfigurations = (
				0445242E291045A500ABBE22 /* Debug */,
				0445242F291045A500ABBE22 /* Release */,
			);
			defaultConfigurationIsVisible = 0;
			defaultConfigurationName = Release;
		};
		04452430291045A500ABBE22 /* Build configuration list for PBXNativeTarget "EscobedoSnapchat" */ = {
			isa = XCConfigurationList;
			buildConfigurations = (
				04452431291045A500ABBE22 /* Debug */,
				04452432291045A500ABBE22 /* Release */,
			);
			defaultConfigurationIsVisible = 0;
			defaultConfigurationName = Release;
		};
/* End XCConfigurationList section */
	};
	rootObject = 04452414291045A300ABBE22 /* Project object */;
}
